// !$*UTF8*$!
{
	archiveVersion = 1;
	classes = {
	};
	objectVersion = 77;
	objects = {

/* Begin PBXBuildFile section */
		54700BCA2E549A420061E926 /* Fifth.swift in Sources */ = {isa = PBXBuildFile; fileRef = 54700BC92E549A420061E926 /* Fifth.swift */; };
		54700BCC2E559CD20061E926 /* Sixth.swift in Sources */ = {isa = PBXBuildFile; fileRef = 54700BCB2E559CD20061E926 /* Sixth.swift */; };
		54700BCE2E55C3350061E926 /* Seventh.swift in Sources */ = {isa = PBXBuildFile; fileRef = 54700BCD2E55C3350061E926 /* Seventh.swift */; };
		5470C4512E52FAD30061E926 /* First.swift in Sources */ = {isa = PBXBuildFile; fileRef = 5470C44C2E52FAD30061E926 /* First.swift */; };
		5470C4522E52FAD30061E926 /* Second.swift in Sources */ = {isa = PBXBuildFile; fileRef = 5470C44F2E52FAD30061E926 /* Second.swift */; };
		5470C4532E52FAD30061E926 /* Mode.swift in Sources */ = {isa = PBXBuildFile; fileRef = 5470C44E2E52FAD30061E926 /* Mode.swift */; };
		5470C4542E52FAD30061E926 /* main.swift in Sources */ = {isa = PBXBuildFile; fileRef = 5470C44D2E52FAD30061E926 /* main.swift */; };
		5470C4582E52FBA10061E926 /* Third.swift in Sources */ = {isa = PBXBuildFile; fileRef = 5470C4572E52FBA10061E926 /* Third.swift */; };
		5470DBE62E546B450061E926 /* Fourth.swift in Sources */ = {isa = PBXBuildFile; fileRef = 5470DBE52E546B450061E926 /* Fourth.swift */; };
/* End PBXBuildFile section */

/* Begin PBXCopyFilesBuildPhase section */
		54E4476C2E4C383D00A777AC /* CopyFiles */ = {
			isa = PBXCopyFilesBuildPhase;
			buildActionMask = 2147483647;
			dstPath = /usr/share/man/man1/;
			dstSubfolderSpec = 0;
			files = (
			);
			runOnlyForDeploymentPostprocessing = 1;
		};
/* End PBXCopyFilesBuildPhase section */

/* Begin PBXFileReference section */
		54700BC92E549A420061E926 /* Fifth.swift */ = {isa = PBXFileReference; lastKnownFileType = sourcecode.swift; path = Fifth.swift; sourceTree = "<group>"; };
		54700BCB2E559CD20061E926 /* Sixth.swift */ = {isa = PBXFileReference; lastKnownFileType = sourcecode.swift; path = Sixth.swift; sourceTree = "<group>"; };
		54700BCD2E55C3350061E926 /* Seventh.swift */ = {isa = PBXFileReference; lastKnownFileType = sourcecode.swift; path = Seventh.swift; sourceTree = "<group>"; };
		5470C44C2E52FAD30061E926 /* First.swift */ = {isa = PBXFileReference; lastKnownFileType = sourcecode.swift; path = First.swift; sourceTree = "<group>"; };
		5470C44D2E52FAD30061E926 /* main.swift */ = {isa = PBXFileReference; lastKnownFileType = sourcecode.swift; path = main.swift; sourceTree = "<group>"; };
		5470C44E2E52FAD30061E926 /* Mode.swift */ = {isa = PBXFileReference; lastKnownFileType = sourcecode.swift; path = Mode.swift; sourceTree = "<group>"; };
		5470C44F2E52FAD30061E926 /* Second.swift */ = {isa = PBXFileReference; lastKnownFileType = sourcecode.swift; path = Second.swift; sourceTree = "<group>"; };
		5470C4572E52FBA10061E926 /* Third.swift */ = {isa = PBXFileReference; lastKnownFileType = sourcecode.swift; path = Third.swift; sourceTree = "<group>"; };
		5470DBE52E546B450061E926 /* Fourth.swift */ = {isa = PBXFileReference; lastKnownFileType = sourcecode.swift; path = Fourth.swift; sourceTree = "<group>"; };
		54E4476E2E4C383D00A777AC /* LeetCode */ = {isa = PBXFileReference; explicitFileType = "compiled.mach-o.executable"; includeInIndex = 0; path = LeetCode; sourceTree = BUILT_PRODUCTS_DIR; };
/* End PBXFileReference section */

/* Begin PBXFrameworksBuildPhase section */
		54E4476B2E4C383D00A777AC /* Frameworks */ = {
			isa = PBXFrameworksBuildPhase;
			buildActionMask = 2147483647;
			files = (
			);
			runOnlyForDeploymentPostprocessing = 0;
		};
/* End PBXFrameworksBuildPhase section */

/* Begin PBXGroup section */
		5470C4502E52FAD30061E926 /* LeetCode */ = {
			isa = PBXGroup;
			children = (
				5470C4562E52FB210061E926 /* Data */,
				5470C4552E52FAEC0061E926 /* Algorithm */,
				5470C44D2E52FAD30061E926 /* main.swift */,
			);
			path = LeetCode;
			sourceTree = "<group>";
		};
		5470C4552E52FAEC0061E926 /* Algorithm */ = {
			isa = PBXGroup;
			children = (
				5470C44C2E52FAD30061E926 /* First.swift */,
				5470C44F2E52FAD30061E926 /* Second.swift */,
				5470C4572E52FBA10061E926 /* Third.swift */,
				5470DBE52E546B450061E926 /* Fourth.swift */,
				54700BC92E549A420061E926 /* Fifth.swift */,
				54700BCB2E559CD20061E926 /* Sixth.swift */,
				54700BCD2E55C3350061E926 /* Seventh.swift */,
			);
			path = Algorithm;
			sourceTree = "<group>";
		};
		5470C4562E52FB210061E926 /* Data */ = {
			isa = PBXGroup;
			children = (
				5470C44E2E52FAD30061E926 /* Mode.swift */,
			);
			path = Data;
			sourceTree = "<group>";
		};
		54E447652E4C383D00A777AC = {
			isa = PBXGroup;
			children = (
				5470C4502E52FAD30061E926 /* LeetCode */,
				54E4476F2E4C383D00A777AC /* Products */,
			);
			sourceTree = "<group>";
		};
		54E4476F2E4C383D00A777AC /* Products */ = {
			isa = PBXGroup;
			children = (
				54E4476E2E4C383D00A777AC /* LeetCode */,
			);
			name = Products;
			sourceTree = "<group>";
		};
/* End PBXGroup section */

/* Begin PBXNativeTarget section */
		54E4476D2E4C383D00A777AC /* LeetCode */ = {
			isa = PBXNativeTarget;
			buildConfigurationList = 54E447752E4C383D00A777AC /* Build configuration list for PBXNativeTarget "LeetCode" */;
			buildPhases = (
				54E4476A2E4C383D00A777AC /* Sources */,
				54E4476B2E4C383D00A777AC /* Frameworks */,
				54E4476C2E4C383D00A777AC /* CopyFiles */,
			);
			buildRules = (
			);
			dependencies = (
			);
			name = LeetCode;
			packageProductDependencies = (
			);
			productName = LeetCode;
			productReference = 54E4476E2E4C383D00A777AC /* LeetCode */;
			productType = "com.apple.product-type.tool";
		};
/* End PBXNativeTarget section */

/* Begin PBXProject section */
		54E447662E4C383D00A777AC /* Project object */ = {
			isa = PBXProject;
			attributes = {
				BuildIndependentTargetsInParallel = 1;
				LastSwiftUpdateCheck = 1620;
				LastUpgradeCheck = 1620;
				TargetAttributes = {
					54E4476D2E4C383D00A777AC = {
						CreatedOnToolsVersion = 16.2;
					};
				};
			};
			buildConfigurationList = 54E447692E4C383D00A777AC /* Build configuration list for PBXProject "LeetCode" */;
			developmentRegion = en;
			hasScannedForEncodings = 0;
			knownRegions = (
				en,
				Base,
			);
			mainGroup = 54E447652E4C383D00A777AC;
			minimizedProjectReferenceProxies = 1;
			preferredProjectObjectVersion = 77;
			productRefGroup = 54E4476F2E4C383D00A777AC /* Products */;
			projectDirPath = "";
			projectRoot = "";
			targets = (
				54E4476D2E4C383D00A777AC /* LeetCode */,
			);
		};
/* End PBXProject section */

/* Begin PBXSourcesBuildPhase section */
		54E4476A2E4C383D00A777AC /* Sources */ = {
			isa = PBXSourcesBuildPhase;
			buildActionMask = 2147483647;
			files = (
				5470C4582E52FBA10061E926 /* Third.swift in Sources */,
				5470DBE62E546B450061E926 /* Fourth.swift in Sources */,
				5470C4512E52FAD30061E926 /* First.swift in Sources */,
				54700BCA2E549A420061E926 /* Fifth.swift in Sources */,
				54700BCE2E55C3350061E926 /* Seventh.swift in Sources */,
				5470C4522E52FAD30061E926 /* Second.swift in Sources */,
				5470C4532E52FAD30061E926 /* Mode.swift in Sources */,
				54700BCC2E559CD20061E926 /* Sixth.swift in Sources */,
				5470C4542E52FAD30061E926 /* main.swift in Sources */,
			);
			runOnlyForDeploymentPostprocessing = 0;
		};
/* End PBXSourcesBuildPhase section */

/* Begin XCBuildConfiguration section */
		54E447732E4C383D00A777AC /* Debug */ = {
			isa = XCBuildConfiguration;
			buildSettings = {
				ALWAYS_SEARCH_USER_PATHS = NO;
				ASSETCATALOG_COMPILER_GENERATE_SWIFT_ASSET_SYMBOL_EXTENSIONS = YES;
				CLANG_ANALYZER_NONNULL = YES;
				CLANG_ANALYZER_NUMBER_OBJECT_CONVERSION = YES_AGGRESSIVE;
				CLANG_CXX_LANGUAGE_STANDARD = "gnu++20";
				CLANG_ENABLE_MODULES = YES;
				CLANG_ENABLE_OBJC_ARC = YES;
				CLANG_ENABLE_OBJC_WEAK = YES;
				CLANG_WARN_BLOCK_CAPTURE_AUTORELEASING = YES;
				CLANG_WARN_BOOL_CONVERSION = YES;
				CLANG_WARN_COMMA = YES;
				CLANG_WARN_CONSTANT_CONVERSION = YES;
				CLANG_WARN_DEPRECATED_OBJC_IMPLEMENTATIONS = YES;
				CLANG_WARN_DIRECT_OBJC_ISA_USAGE = YES_ERROR;
				CLANG_WARN_DOCUMENTATION_COMMENTS = YES;
				CLANG_WARN_EMPTY_BODY = YES;
				CLANG_WARN_ENUM_CONVERSION = YES;
				CLANG_WARN_INFINITE_RECURSION = YES;
				CLANG_WARN_INT_CONVERSION = YES;
				CLANG_WARN_NON_LITERAL_NULL_CONVERSION = YES;
				CLANG_WARN_OBJC_IMPLICIT_RETAIN_SELF = YES;
				CLANG_WARN_OBJC_LITERAL_CONVERSION = YES;
				CLANG_WARN_OBJC_ROOT_CLASS = YES_ERROR;
				CLANG_WARN_QUOTED_INCLUDE_IN_FRAMEWORK_HEADER = YES;
				CLANG_WARN_RANGE_LOOP_ANALYSIS = YES;
				CLANG_WARN_STRICT_PROTOTYPES = YES;
				CLANG_WARN_SUSPICIOUS_MOVE = YES;
				CLANG_WARN_UNGUARDED_AVAILABILITY = YES_AGGRESSIVE;
				CLANG_WARN_UNREACHABLE_CODE = YES;
				CLANG_WARN__DUPLICATE_METHOD_MATCH = YES;
				COPY_PHASE_STRIP = NO;
				DEBUG_INFORMATION_FORMAT = dwarf;
				ENABLE_STRICT_OBJC_MSGSEND = YES;
				ENABLE_TESTABILITY = YES;
				ENABLE_USER_SCRIPT_SANDBOXING = YES;
				GCC_C_LANGUAGE_STANDARD = gnu17;
				GCC_DYNAMIC_NO_PIC = NO;
				GCC_NO_COMMON_BLOCKS = YES;
				GCC_OPTIMIZATION_LEVEL = 0;
				GCC_PREPROCESSOR_DEFINITIONS = (
					"DEBUG=1",
					"$(inherited)",
				);
				GCC_WARN_64_TO_32_BIT_CONVERSION = YES;
				GCC_WARN_ABOUT_RETURN_TYPE = YES_ERROR;
				GCC_WARN_UNDECLARED_SELECTOR = YES;
				GCC_WARN_UNINITIALIZED_AUTOS = YES_AGGRESSIVE;
				GCC_WARN_UNUSED_FUNCTION = YES;
				GCC_WARN_UNUSED_VARIABLE = YES;
				LOCALIZATION_PREFERS_STRING_CATALOGS = YES;
				MACOSX_DEPLOYMENT_TARGET = 15.2;
				MTL_ENABLE_DEBUG_INFO = INCLUDE_SOURCE;
				MTL_FAST_MATH = YES;
				ONLY_ACTIVE_ARCH = YES;
				SDKROOT = macosx;
				SWIFT_ACTIVE_COMPILATION_CONDITIONS = "DEBUG $(inherited)";
				SWIFT_OPTIMIZATION_LEVEL = "-Onone";
			};
			name = Debug;
		};
		54E447742E4C383D00A777AC /* Release */ = {
			isa = XCBuildConfiguration;
			buildSettings = {
				ALWAYS_SEARCH_USER_PATHS = NO;
				ASSETCATALOG_COMPILER_GENERATE_SWIFT_ASSET_SYMBOL_EXTENSIONS = YES;
				CLANG_ANALYZER_NONNULL = YES;
				CLANG_ANALYZER_NUMBER_OBJECT_CONVERSION = YES_AGGRESSIVE;
				CLANG_CXX_LANGUAGE_STANDARD = "gnu++20";
				CLANG_ENABLE_MODULES = YES;
				CLANG_ENABLE_OBJC_ARC = YES;
				CLANG_ENABLE_OBJC_WEAK = YES;
				CLANG_WARN_BLOCK_CAPTURE_AUTORELEASING = YES;
				CLANG_WARN_BOOL_CONVERSION = YES;
				CLANG_WARN_COMMA = YES;
				CLANG_WARN_CONSTANT_CONVERSION = YES;
				CLANG_WARN_DEPRECATED_OBJC_IMPLEMENTATIONS = YES;
				CLANG_WARN_DIRECT_OBJC_ISA_USAGE = YES_ERROR;
				CLANG_WARN_DOCUMENTATION_COMMENTS = YES;
				CLANG_WARN_EMPTY_BODY = YES;
				CLANG_WARN_ENUM_CONVERSION = YES;
				CLANG_WARN_INFINITE_RECURSION = YES;
				CLANG_WARN_INT_CONVERSION = YES;
				CLANG_WARN_NON_LITERAL_NULL_CONVERSION = YES;
				CLANG_WARN_OBJC_IMPLICIT_RETAIN_SELF = YES;
				CLANG_WARN_OBJC_LITERAL_CONVERSION = YES;
				CLANG_WARN_OBJC_ROOT_CLASS = YES_ERROR;
				CLANG_WARN_QUOTED_INCLUDE_IN_FRAMEWORK_HEADER = YES;
				CLANG_WARN_RANGE_LOOP_ANALYSIS = YES;
				CLANG_WARN_STRICT_PROTOTYPES = YES;
				CLANG_WARN_SUSPICIOUS_MOVE = YES;
				CLANG_WARN_UNGUARDED_AVAILABILITY = YES_AGGRESSIVE;
				CLANG_WARN_UNREACHABLE_CODE = YES;
				CLANG_WARN__DUPLICATE_METHOD_MATCH = YES;
				COPY_PHASE_STRIP = NO;
				DEBUG_INFORMATION_FORMAT = "dwarf-with-dsym";
				ENABLE_NS_ASSERTIONS = NO;
				ENABLE_STRICT_OBJC_MSGSEND = YES;
				ENABLE_USER_SCRIPT_SANDBOXING = YES;
				GCC_C_LANGUAGE_STANDARD = gnu17;
				GCC_NO_COMMON_BLOCKS = YES;
				GCC_WARN_64_TO_32_BIT_CONVERSION = YES;
				GCC_WARN_ABOUT_RETURN_TYPE = YES_ERROR;
				GCC_WARN_UNDECLARED_SELECTOR = YES;
				GCC_WARN_UNINITIALIZED_AUTOS = YES_AGGRESSIVE;
				GCC_WARN_UNUSED_FUNCTION = YES;
				GCC_WARN_UNUSED_VARIABLE = YES;
				LOCALIZATION_PREFERS_STRING_CATALOGS = YES;
				MACOSX_DEPLOYMENT_TARGET = 15.2;
				MTL_ENABLE_DEBUG_INFO = NO;
				MTL_FAST_MATH = YES;
				SDKROOT = macosx;
				SWIFT_COMPILATION_MODE = wholemodule;
			};
			name = Release;
		};
		54E447762E4C383D00A777AC /* Debug */ = {
			isa = XCBuildConfiguration;
			buildSettings = {
				CODE_SIGN_STYLE = Automatic;
				DEVELOPMENT_TEAM = ZW2AQ67NC5;
				ENABLE_HARDENED_RUNTIME = YES;
				PRODUCT_NAME = "$(TARGET_NAME)";
				SWIFT_VERSION = 5.0;
			};
			name = Debug;
		};
		54E447772E4C383D00A777AC /* Release */ = {
			isa = XCBuildConfiguration;
			buildSettings = {
				CODE_SIGN_STYLE = Automatic;
				DEVELOPMENT_TEAM = ZW2AQ67NC5;
				ENABLE_HARDENED_RUNTIME = YES;
				PRODUCT_NAME = "$(TARGET_NAME)";
				SWIFT_VERSION = 5.0;
			};
			name = Release;
		};
/* End XCBuildConfiguration section */

/* Begin XCConfigurationList section */
		54E447692E4C383D00A777AC /* Build configuration list for PBXProject "LeetCode" */ = {
			isa = XCConfigurationList;
			buildConfigurations = (
				54E447732E4C383D00A777AC /* Debug */,
				54E447742E4C383D00A777AC /* Release */,
			);
			defaultConfigurationIsVisible = 0;
			defaultConfigurationName = Release;
		};
		54E447752E4C383D00A777AC /* Build configuration list for PBXNativeTarget "LeetCode" */ = {
			isa = XCConfigurationList;
			buildConfigurations = (
				54E447762E4C383D00A777AC /* Debug */,
				54E447772E4C383D00A777AC /* Release */,
			);
			defaultConfigurationIsVisible = 0;
			defaultConfigurationName = Release;
		};
/* End XCConfigurationList section */
	};
	rootObject = 54E447662E4C383D00A777AC /* Project object */;
}
